
Microsoft Visual Studio Solution File, Format Version 12.00
# Visual Studio 2015
Project("{FAE04EC0-301F-11D3-BF4B-00C04F79EFBC}") = "GPU_SPH.CSharp.Plugins", "GPU_SPH.CSharp.Plugins.csproj", "{FEB75474-42F7-BFCE-ECFE-A3D361FD8533}"
EndProject
Project("{FAE04EC0-301F-11D3-BF4B-00C04F79EFBC}") = "GPU_SPH.CSharp", "GPU_SPH.CSharp.csproj", "{C577B7C1-F02D-0702-4D71-ADBEFB66C4CC}"
EndProject
Project("{FAE04EC0-301F-11D3-BF4B-00C04F79EFBC}") = "GPU_SPH.CSharp.Editor", "GPU_SPH.CSharp.Editor.csproj", "{7FBB922A-1203-6028-77B0-E813FD8D21E8}"
EndProject
Global
	GlobalSection(SolutionConfigurationPlatforms) = preSolution
		Debug|Any CPU = Debug|Any CPU
		Release|Any CPU = Release|Any CPU
	EndGlobalSection
	GlobalSection(ProjectConfigurationPlatforms) = postSolution
		{FEB75474-42F7-BFCE-ECFE-A3D361FD8533}.Debug|Any CPU.ActiveCfg = Debug|Any CPU
		{FEB75474-42F7-BFCE-ECFE-A3D361FD8533}.Debug|Any CPU.Build.0 = Debug|Any CPU
		{FEB75474-42F7-BFCE-ECFE-A3D361FD8533}.Release|Any CPU.ActiveCfg = Release|Any CPU
		{FEB75474-42F7-BFCE-ECFE-A3D361FD8533}.Release|Any CPU.Build.0 = Release|Any CPU
		{C577B7C1-F02D-0702-4D71-ADBEFB66C4CC}.Debug|Any CPU.ActiveCfg = Debug|Any CPU
		{C577B7C1-F02D-0702-4D71-ADBEFB66C4CC}.Debug|Any CPU.Build.0 = Debug|Any CPU
		{C577B7C1-F02D-0702-4D71-ADBEFB66C4CC}.Release|Any CPU.ActiveCfg = Release|Any CPU
		{C577B7C1-F02D-0702-4D71-ADBEFB66C4CC}.Release|Any CPU.Build.0 = Release|Any CPU
		{7FBB922A-1203-6028-77B0-E813FD8D21E8}.Debug|Any CPU.ActiveCfg = Debug|Any CPU
		{7FBB922A-1203-6028-77B0-E813FD8D21E8}.Debug|Any CPU.Build.0 = Debug|Any CPU
		{7FBB922A-1203-6028-77B0-E813FD8D21E8}.Release|Any CPU.ActiveCfg = Release|Any CPU
		{7FBB922A-1203-6028-77B0-E813FD8D21E8}.Release|Any CPU.Build.0 = Release|Any CPU
	EndGlobalSection
	GlobalSection(SolutionProperties) = preSolution
		HideSolutionNode = FALSE
	EndGlobalSection
EndGlobal
